[[package]]
name = "astor"
version = "0.8.1"
description = "Read/rewrite/write Python ASTs"
category = "main"
optional = false
python-versions = "!=3.0.*,!=3.1.*,!=3.2.*,!=3.3.*,>=2.7"

[[package]]
name = "attrs"
version = "22.2.0"
description = "Classes Without Boilerplate"
category = "main"
optional = false
python-versions = ">=3.6"

[package.extras]
cov = ["attrs[tests]", "coverage-enable-subprocess", "coverage[toml] (>=5.3)"]
dev = ["attrs[docs,tests]"]
docs = ["furo", "myst-parser", "sphinx", "sphinx-notfound-page", "sphinxcontrib-towncrier", "towncrier", "zope.interface"]
tests = ["attrs[tests-no-zope]", "zope.interface"]
tests-no-zope = ["cloudpickle", "cloudpickle", "hypothesis", "hypothesis", "mypy (>=0.971,<0.990)", "mypy (>=0.971,<0.990)", "pympler", "pympler", "pytest (>=4.3.0)", "pytest (>=4.3.0)", "pytest-mypy-plugins", "pytest-mypy-plugins", "pytest-xdist[psutil]", "pytest-xdist[psutil]"]

[[package]]
name = "colorama"
version = "0.4.6"
description = "Cross-platform colored terminal text."
category = "main"
optional = false
python-versions = "!=3.0.*,!=3.1.*,!=3.2.*,!=3.3.*,!=3.4.*,!=3.5.*,!=3.6.*,>=2.7"

[[package]]
name = "exceptiongroup"
version = "1.1.0"
description = "Backport of PEP 654 (exception groups)"
category = "main"
optional = false
python-versions = ">=3.7"

[package.extras]
test = ["pytest (>=6)"]

[[package]]
name = "formulaic"
version = "0.5.2"
description = "An implementation of Wilkinson formulas."
category = "main"
optional = false
python-versions = ">=3.7.2"

[package.dependencies]
astor = ">=0.8"
graphlib-backport = {version = ">=1.0.0", markers = "python_version < \"3.9\""}
interface-meta = ">=1.2.0"
numpy = ">=1.16.5"
pandas = ">=1.0"
scipy = ">=1.6"
typing-extensions = ">=4.2.0"
wrapt = ">=1.0"

[package.extras]
arrow = ["pyarrow (>=1)"]
calculus = ["sympy (>=1.3,<1.10)"]

[[package]]
name = "graphlib-backport"
version = "1.0.3"
description = "Backport of the Python 3.9 graphlib module for Python 3.6+"
category = "main"
optional = false
python-versions = ">=3.6,<4.0"

[[package]]
name = "importlib-metadata"
version = "6.0.0"
description = "Read metadata from Python packages"
category = "main"
optional = false
python-versions = ">=3.7"

[package.dependencies]
zipp = ">=0.5"

[package.extras]
docs = ["furo", "jaraco.packaging (>=9)", "jaraco.tidelift (>=1.4)", "rst.linker (>=1.9)", "sphinx (>=3.5)", "sphinx-lint"]
perf = ["ipython"]
testing = ["flake8 (<5)", "flufl.flake8", "importlib-resources (>=1.3)", "packaging", "pyfakefs", "pytest (>=6)", "pytest-black (>=0.3.7)", "pytest-checkdocs (>=2.4)", "pytest-cov", "pytest-enabler (>=1.3)", "pytest-flake8", "pytest-mypy (>=0.9.1)", "pytest-perf (>=0.9.2)"]

[[package]]
name = "iniconfig"
version = "2.0.0"
description = "brain-dead simple config-ini parsing"
category = "main"
optional = false
python-versions = ">=3.7"

[[package]]
name = "interface-meta"
version = "1.3.0"
description = "`interface_meta` provides a convenient way to expose an extensible API with enforced method signatures and consistent documentation."
category = "main"
optional = false
python-versions = ">=3.7,<4.0"

[[package]]
name = "llvmlite"
version = "0.39.1"
description = "lightweight wrapper around basic LLVM functionality"
category = "main"
optional = false
python-versions = ">=3.7"

[[package]]
name = "numba"
version = "0.56.4"
description = "compiling Python code using LLVM"
category = "main"
optional = false
python-versions = ">=3.7"

[package.dependencies]
importlib-metadata = {version = "*", markers = "python_version < \"3.9\""}
llvmlite = ">=0.39.0dev0,<0.40"
numpy = ">=1.18,<1.24"
setuptools = "*"

[[package]]
name = "numpy"
version = "1.23.5"
description = "NumPy is the fundamental package for array computing with Python."
category = "main"
optional = false
python-versions = ">=3.8"

[[package]]
name = "packaging"
version = "23.0"
description = "Core utilities for Python packages"
category = "main"
optional = false
python-versions = ">=3.7"

[[package]]
name = "pandas"
version = "1.5.3"
description = "Powerful data structures for data analysis, time series, and statistics"
category = "main"
optional = false
python-versions = ">=3.8"

[package.dependencies]
numpy = [
    {version = ">=1.20.3", markers = "python_version < \"3.10\""},
    {version = ">=1.21.0", markers = "python_version >= \"3.10\""},
]
python-dateutil = ">=2.8.1"
pytz = ">=2020.1"

[package.extras]
test = ["hypothesis (>=5.5.3)", "pytest (>=6.0)", "pytest-xdist (>=1.31)"]

[[package]]
name = "pluggy"
version = "1.0.0"
description = "plugin and hook calling mechanisms for python"
category = "main"
optional = false
python-versions = ">=3.6"

[package.extras]
dev = ["pre-commit", "tox"]
testing = ["pytest", "pytest-benchmark"]

[[package]]
name = "pyhdfe"
version = "0.1.2"
description = "High dimensional fixed effect absorption with Python 3"
category = "main"
optional = false
python-versions = ">=3.6"

[package.dependencies]
numpy = ">=1.12.0"
scipy = ">=1.0.0"

[package.extras]
docs = ["astunparse", "docutils (==0.17)", "ipython", "jinja2 (>=2.11,<3.0)", "nbsphinx (==0.5.0)", "sphinx (==2.0.0)", "sphinx-rtd-theme (==0.4.3)"]
tests = ["pytest", "pytest-xdist"]

[[package]]
name = "pytest"
version = "7.2.2"
description = "pytest: simple powerful testing with Python"
category = "main"
optional = false
python-versions = ">=3.7"

[package.dependencies]
attrs = ">=19.2.0"
colorama = {version = "*", markers = "sys_platform == \"win32\""}
exceptiongroup = {version = ">=1.0.0rc8", markers = "python_version < \"3.11\""}
iniconfig = "*"
packaging = "*"
pluggy = ">=0.12,<2.0"
tomli = {version = ">=1.0.0", markers = "python_version < \"3.11\""}

[package.extras]
testing = ["argcomplete", "hypothesis (>=3.56)", "mock", "nose", "pygments (>=2.7.2)", "requests", "xmlschema"]

[[package]]
name = "python-dateutil"
version = "2.8.2"
description = "Extensions to the standard Python datetime module"
category = "main"
optional = false
python-versions = "!=3.0.*,!=3.1.*,!=3.2.*,>=2.7"

[package.dependencies]
six = ">=1.5"

[[package]]
name = "pytz"
version = "2022.7.1"
description = "World timezone definitions, modern and historical"
category = "main"
optional = false
python-versions = "*"

[[package]]
name = "scipy"
version = "1.10.1"
description = "Fundamental algorithms for scientific computing in Python"
category = "main"
optional = false
python-versions = "<3.12,>=3.8"

[package.dependencies]
numpy = ">=1.19.5,<1.27.0"

[package.extras]
dev = ["click", "doit (>=0.36.0)", "flake8", "mypy", "pycodestyle", "pydevtool", "rich-click", "typing_extensions"]
doc = ["matplotlib (>2)", "numpydoc", "pydata-sphinx-theme (==0.9.0)", "sphinx (!=4.1.0)", "sphinx-design (>=0.2.0)"]
test = ["asv", "gmpy2", "mpmath", "pooch", "pytest", "pytest-cov", "pytest-timeout", "pytest-xdist", "scikit-umfpack", "threadpoolctl"]

[[package]]
name = "setuptools"
version = "67.6.0"
description = "Easily download, build, install, upgrade, and uninstall Python packages"
category = "main"
optional = false
python-versions = ">=3.7"

[package.extras]
docs = ["furo", "jaraco.packaging (>=9)", "jaraco.tidelift (>=1.4)", "pygments-github-lexers (==0.0.5)", "rst.linker (>=1.9)", "sphinx (>=3.5)", "sphinx-favicon", "sphinx-hoverxref (<2)", "sphinx-inline-tabs", "sphinx-lint", "sphinx-notfound-page (==0.8.3)", "sphinx-reredirects", "sphinxcontrib-towncrier"]
testing = ["build[virtualenv]", "filelock (>=3.4.0)", "flake8 (<5)", "flake8-2020", "ini2toml[lite] (>=0.9)", "jaraco.envs (>=2.2)", "jaraco.path (>=3.2.0)", "pip (>=19.1)", "pip-run (>=8.8)", "pytest (>=6)", "pytest-black (>=0.3.7)", "pytest-checkdocs (>=2.4)", "pytest-cov", "pytest-enabler (>=1.3)", "pytest-flake8", "pytest-mypy (>=0.9.1)", "pytest-perf", "pytest-timeout", "pytest-xdist", "tomli-w (>=1.0.0)", "virtualenv (>=13.0.0)", "wheel"]
testing-integration = ["build[virtualenv]", "filelock (>=3.4.0)", "jaraco.envs (>=2.2)", "jaraco.path (>=3.2.0)", "pytest", "pytest-enabler", "pytest-xdist", "tomli", "virtualenv (>=13.0.0)", "wheel"]

[[package]]
name = "six"
version = "1.16.0"
description = "Python 2 and 3 compatibility utilities"
category = "main"
optional = false
python-versions = ">=2.7, !=3.0.*, !=3.1.*, !=3.2.*"

[[package]]
name = "tomli"
version = "2.0.1"
description = "A lil' TOML parser"
category = "main"
optional = false
python-versions = ">=3.7"

[[package]]
name = "typing-extensions"
version = "4.5.0"
description = "Backported and Experimental Type Hints for Python 3.7+"
category = "main"
optional = false
python-versions = ">=3.7"

[[package]]
name = "wrapt"
version = "1.15.0"
description = "Module for decorators, wrappers and monkey patching."
category = "main"
optional = false
python-versions = "!=3.0.*,!=3.1.*,!=3.2.*,!=3.3.*,!=3.4.*,>=2.7"

[[package]]
name = "zipp"
version = "3.15.0"
description = "Backport of pathlib-compatible object wrapper for zip files"
category = "main"
optional = false
python-versions = ">=3.7"

[package.extras]
docs = ["furo", "jaraco.packaging (>=9)", "jaraco.tidelift (>=1.4)", "rst.linker (>=1.9)", "sphinx (>=3.5)", "sphinx-lint"]
testing = ["big-O", "flake8 (<5)", "jaraco.functools", "jaraco.itertools", "more-itertools", "pytest (>=6)", "pytest-black (>=0.3.7)", "pytest-checkdocs (>=2.4)", "pytest-cov", "pytest-enabler (>=1.3)", "pytest-flake8", "pytest-mypy (>=0.9.1)"]

[metadata]
lock-version = "1.1"
python-versions = ">=3.8,<3.11"
content-hash = "1e4fd0ad6c9e7ad3bbb07e21df3516a2ac2a67ef8d964fad64c5a8ee78083948"

[metadata.files]
astor = [
    {file = "astor-0.8.1-py2.py3-none-any.whl", hash = "sha256:070a54e890cefb5b3739d19f30f5a5ec840ffc9c50ffa7d23cc9fc1a38ebbfc5"},
    {file = "astor-0.8.1.tar.gz", hash = "sha256:6a6effda93f4e1ce9f618779b2dd1d9d84f1e32812c23a29b3fff6fd7f63fa5e"},
]
attrs = [
    {file = "attrs-22.2.0-py3-none-any.whl", hash = "sha256:29e95c7f6778868dbd49170f98f8818f78f3dc5e0e37c0b1f474e3561b240836"},
    {file = "attrs-22.2.0.tar.gz", hash = "sha256:c9227bfc2f01993c03f68db37d1d15c9690188323c067c641f1a35ca58185f99"},
]
colorama = [
    {file = "colorama-0.4.6-py2.py3-none-any.whl", hash = "sha256:4f1d9991f5acc0ca119f9d443620b77f9d6b33703e51011c16baf57afb285fc6"},
    {file = "colorama-0.4.6.tar.gz", hash = "sha256:08695f5cb7ed6e0531a20572697297273c47b8cae5a63ffc6d6ed5c201be6e44"},
]
exceptiongroup = [
    {file = "exceptiongroup-1.1.0-py3-none-any.whl", hash = "sha256:327cbda3da756e2de031a3107b81ab7b3770a602c4d16ca618298c526f4bec1e"},
    {file = "exceptiongroup-1.1.0.tar.gz", hash = "sha256:bcb67d800a4497e1b404c2dd44fca47d3b7a5e5433dbab67f96c1a685cdfdf23"},
]
formulaic = [
    {file = "formulaic-0.5.2-py3-none-any.whl", hash = "sha256:65d04b1249584504912eb64f83b47fc1e7e95b0ff3e24fb0859148e2f2f033c2"},
    {file = "formulaic-0.5.2.tar.gz", hash = "sha256:25b1e1c8dff73f0b11c0028a6ab350222de6bbc47b316ccb770cec16189cef53"},
]
graphlib-backport = [
    {file = "graphlib_backport-1.0.3-py3-none-any.whl", hash = "sha256:24246967b9e7e6a91550bc770e6169585d35aa32790258579a8a3899a8c18fde"},
    {file = "graphlib_backport-1.0.3.tar.gz", hash = "sha256:7bb8fc7757b8ae4e6d8000a26cd49e9232aaa9a3aa57edb478474b8424bfaae2"},
]
importlib-metadata = [
    {file = "importlib_metadata-6.0.0-py3-none-any.whl", hash = "sha256:7efb448ec9a5e313a57655d35aa54cd3e01b7e1fbcf72dce1bf06119420f5bad"},
    {file = "importlib_metadata-6.0.0.tar.gz", hash = "sha256:e354bedeb60efa6affdcc8ae121b73544a7aa74156d047311948f6d711cd378d"},
]
iniconfig = [
    {file = "iniconfig-2.0.0-py3-none-any.whl", hash = "sha256:b6a85871a79d2e3b22d2d1b94ac2824226a63c6b741c88f7ae975f18b6778374"},
    {file = "iniconfig-2.0.0.tar.gz", hash = "sha256:2d91e135bf72d31a410b17c16da610a82cb55f6b0477d1a902134b24a455b8b3"},
]
interface-meta = [
    {file = "interface_meta-1.3.0-py3-none-any.whl", hash = "sha256:de35dc5241431886e709e20a14d6597ed07c9f1e8b4bfcffde2190ca5b700ee8"},
    {file = "interface_meta-1.3.0.tar.gz", hash = "sha256:8a4493f8bdb73fb9655dcd5115bc897e207319e36c8835f39c516a2d7e9d79a1"},
]
llvmlite = [
    {file = "llvmlite-0.39.1-cp310-cp310-macosx_10_9_x86_64.whl", hash = "sha256:6717c7a6e93c9d2c3d07c07113ec80ae24af45cde536b34363d4bcd9188091d9"},
    {file = "llvmlite-0.39.1-cp310-cp310-macosx_11_0_arm64.whl", hash = "sha256:ddab526c5a2c4ccb8c9ec4821fcea7606933dc53f510e2a6eebb45a418d3488a"},
    {file = "llvmlite-0.39.1-cp310-cp310-manylinux_2_17_aarch64.manylinux2014_aarch64.whl", hash = "sha256:a3f331a323d0f0ada6b10d60182ef06c20a2f01be21699999d204c5750ffd0b4"},
    {file = "llvmlite-0.39.1-cp310-cp310-manylinux_2_17_i686.manylinux2014_i686.whl", hash = "sha256:e2c00ff204afa721b0bb9835b5bf1ba7fba210eefcec5552a9e05a63219ba0dc"},
    {file = "llvmlite-0.39.1-cp310-cp310-manylinux_2_17_x86_64.manylinux2014_x86_64.whl", hash = "sha256:16f56eb1eec3cda3a5c526bc3f63594fc24e0c8d219375afeb336f289764c6c7"},
    {file = "llvmlite-0.39.1-cp310-cp310-win32.whl", hash = "sha256:d0bfd18c324549c0fec2c5dc610fd024689de6f27c6cc67e4e24a07541d6e49b"},
    {file = "llvmlite-0.39.1-cp310-cp310-win_amd64.whl", hash = "sha256:7ebf1eb9badc2a397d4f6a6c8717447c81ac011db00064a00408bc83c923c0e4"},
    {file = "llvmlite-0.39.1-cp37-cp37m-macosx_10_9_x86_64.whl", hash = "sha256:6546bed4e02a1c3d53a22a0bced254b3b6894693318b16c16c8e43e29d6befb6"},
    {file = "llvmlite-0.39.1-cp37-cp37m-manylinux_2_17_aarch64.manylinux2014_aarch64.whl", hash = "sha256:1578f5000fdce513712e99543c50e93758a954297575610f48cb1fd71b27c08a"},
    {file = "llvmlite-0.39.1-cp37-cp37m-manylinux_2_17_i686.manylinux2014_i686.whl", hash = "sha256:3803f11ad5f6f6c3d2b545a303d68d9fabb1d50e06a8d6418e6fcd2d0df00959"},
    {file = "llvmlite-0.39.1-cp37-cp37m-manylinux_2_17_x86_64.manylinux2014_x86_64.whl", hash = "sha256:50aea09a2b933dab7c9df92361b1844ad3145bfb8dd2deb9cd8b8917d59306fb"},
    {file = "llvmlite-0.39.1-cp37-cp37m-win32.whl", hash = "sha256:b1a0bbdb274fb683f993198775b957d29a6f07b45d184c571ef2a721ce4388cf"},
    {file = "llvmlite-0.39.1-cp37-cp37m-win_amd64.whl", hash = "sha256:e172c73fccf7d6db4bd6f7de963dedded900d1a5c6778733241d878ba613980e"},
    {file = "llvmlite-0.39.1-cp38-cp38-macosx_10_9_x86_64.whl", hash = "sha256:e31f4b799d530255aaf0566e3da2df5bfc35d3cd9d6d5a3dcc251663656c27b1"},
    {file = "llvmlite-0.39.1-cp38-cp38-macosx_11_0_arm64.whl", hash = "sha256:62c0ea22e0b9dffb020601bb65cb11dd967a095a488be73f07d8867f4e327ca5"},
    {file = "llvmlite-0.39.1-cp38-cp38-manylinux_2_17_aarch64.manylinux2014_aarch64.whl", hash = "sha256:9ffc84ade195abd4abcf0bd3b827b9140ae9ef90999429b9ea84d5df69c9058c"},
    {file = "llvmlite-0.39.1-cp38-cp38-manylinux_2_17_i686.manylinux2014_i686.whl", hash = "sha256:c0f158e4708dda6367d21cf15afc58de4ebce979c7a1aa2f6b977aae737e2a54"},
    {file = "llvmlite-0.39.1-cp38-cp38-manylinux_2_17_x86_64.manylinux2014_x86_64.whl", hash = "sha256:22d36591cd5d02038912321d9ab8e4668e53ae2211da5523f454e992b5e13c36"},
    {file = "llvmlite-0.39.1-cp38-cp38-win32.whl", hash = "sha256:4c6ebace910410daf0bebda09c1859504fc2f33d122e9a971c4c349c89cca630"},
    {file = "llvmlite-0.39.1-cp38-cp38-win_amd64.whl", hash = "sha256:fb62fc7016b592435d3e3a8f680e3ea8897c3c9e62e6e6cc58011e7a4801439e"},
    {file = "llvmlite-0.39.1-cp39-cp39-macosx_10_9_x86_64.whl", hash = "sha256:fa9b26939ae553bf30a9f5c4c754db0fb2d2677327f2511e674aa2f5df941789"},
    {file = "llvmlite-0.39.1-cp39-cp39-macosx_11_0_arm64.whl", hash = "sha256:e4f212c018db951da3e1dc25c2651abc688221934739721f2dad5ff1dd5f90e7"},
    {file = "llvmlite-0.39.1-cp39-cp39-manylinux_2_17_aarch64.manylinux2014_aarch64.whl", hash = "sha256:39dc2160aed36e989610fc403487f11b8764b6650017ff367e45384dff88ffbf"},
    {file = "llvmlite-0.39.1-cp39-cp39-manylinux_2_17_i686.manylinux2014_i686.whl", hash = "sha256:1ec3d70b3e507515936e475d9811305f52d049281eaa6c8273448a61c9b5b7e2"},
    {file = "llvmlite-0.39.1-cp39-cp39-manylinux_2_17_x86_64.manylinux2014_x86_64.whl", hash = "sha256:60f8dd1e76f47b3dbdee4b38d9189f3e020d22a173c00f930b52131001d801f9"},
    {file = "llvmlite-0.39.1-cp39-cp39-win32.whl", hash = "sha256:03aee0ccd81735696474dc4f8b6be60774892a2929d6c05d093d17392c237f32"},
    {file = "llvmlite-0.39.1-cp39-cp39-win_amd64.whl", hash = "sha256:3fc14e757bc07a919221f0cbaacb512704ce5774d7fcada793f1996d6bc75f2a"},
    {file = "llvmlite-0.39.1.tar.gz", hash = "sha256:b43abd7c82e805261c425d50335be9a6c4f84264e34d6d6e475207300005d572"},
]
numba = [
    {file = "numba-0.56.4-cp310-cp310-macosx_10_14_x86_64.whl", hash = "sha256:9f62672145f8669ec08762895fe85f4cf0ead08ce3164667f2b94b2f62ab23c3"},
    {file = "numba-0.56.4-cp310-cp310-macosx_11_0_arm64.whl", hash = "sha256:c602d015478b7958408d788ba00a50272649c5186ea8baa6cf71d4a1c761bba1"},
    {file = "numba-0.56.4-cp310-cp310-manylinux2014_aarch64.manylinux_2_17_aarch64.whl", hash = "sha256:85dbaed7a05ff96492b69a8900c5ba605551afb9b27774f7f10511095451137c"},
    {file = "numba-0.56.4-cp310-cp310-manylinux2014_i686.manylinux_2_17_i686.whl", hash = "sha256:f4cfc3a19d1e26448032049c79fc60331b104f694cf570a9e94f4e2c9d0932bb"},
    {file = "numba-0.56.4-cp310-cp310-manylinux2014_x86_64.manylinux_2_17_x86_64.whl", hash = "sha256:4e08e203b163ace08bad500b0c16f6092b1eb34fd1fce4feaf31a67a3a5ecf3b"},
    {file = "numba-0.56.4-cp310-cp310-win32.whl", hash = "sha256:0611e6d3eebe4cb903f1a836ffdb2bda8d18482bcd0a0dcc56e79e2aa3fefef5"},
    {file = "numba-0.56.4-cp310-cp310-win_amd64.whl", hash = "sha256:fbfb45e7b297749029cb28694abf437a78695a100e7c2033983d69f0ba2698d4"},
    {file = "numba-0.56.4-cp37-cp37m-macosx_10_14_x86_64.whl", hash = "sha256:3cb1a07a082a61df80a468f232e452d818f5ae254b40c26390054e4e868556e0"},
    {file = "numba-0.56.4-cp37-cp37m-manylinux2014_aarch64.manylinux_2_17_aarch64.whl", hash = "sha256:d69ad934e13c15684e7887100a8f5f0f61d7a8e57e0fd29d9993210089a5b531"},
    {file = "numba-0.56.4-cp37-cp37m-manylinux2014_i686.manylinux_2_17_i686.whl", hash = "sha256:dbcc847bac2d225265d054993a7f910fda66e73d6662fe7156452cac0325b073"},
    {file = "numba-0.56.4-cp37-cp37m-manylinux2014_x86_64.manylinux_2_17_x86_64.whl", hash = "sha256:8a95ca9cc77ea4571081f6594e08bd272b66060634b8324e99cd1843020364f9"},
    {file = "numba-0.56.4-cp37-cp37m-win32.whl", hash = "sha256:fcdf84ba3ed8124eb7234adfbb8792f311991cbf8aed1cad4b1b1a7ee08380c1"},
    {file = "numba-0.56.4-cp37-cp37m-win_amd64.whl", hash = "sha256:42f9e1be942b215df7e6cc9948cf9c15bb8170acc8286c063a9e57994ef82fd1"},
    {file = "numba-0.56.4-cp38-cp38-macosx_10_14_x86_64.whl", hash = "sha256:553da2ce74e8862e18a72a209ed3b6d2924403bdd0fb341fa891c6455545ba7c"},
    {file = "numba-0.56.4-cp38-cp38-macosx_11_0_arm64.whl", hash = "sha256:4373da9757049db7c90591e9ec55a2e97b2b36ba7ae3bf9c956a513374077470"},
    {file = "numba-0.56.4-cp38-cp38-manylinux2014_aarch64.manylinux_2_17_aarch64.whl", hash = "sha256:3a993349b90569518739009d8f4b523dfedd7e0049e6838c0e17435c3e70dcc4"},
    {file = "numba-0.56.4-cp38-cp38-manylinux2014_i686.manylinux_2_17_i686.whl", hash = "sha256:720886b852a2d62619ae3900fe71f1852c62db4f287d0c275a60219e1643fc04"},
    {file = "numba-0.56.4-cp38-cp38-manylinux2014_x86_64.manylinux_2_17_x86_64.whl", hash = "sha256:e64d338b504c9394a4a34942df4627e1e6cb07396ee3b49fe7b8d6420aa5104f"},
    {file = "numba-0.56.4-cp38-cp38-win32.whl", hash = "sha256:03fe94cd31e96185cce2fae005334a8cc712fc2ba7756e52dff8c9400718173f"},
    {file = "numba-0.56.4-cp38-cp38-win_amd64.whl", hash = "sha256:91f021145a8081f881996818474ef737800bcc613ffb1e618a655725a0f9e246"},
    {file = "numba-0.56.4-cp39-cp39-macosx_10_14_x86_64.whl", hash = "sha256:d0ae9270a7a5cc0ede63cd234b4ff1ce166c7a749b91dbbf45e0000c56d3eade"},
    {file = "numba-0.56.4-cp39-cp39-macosx_11_0_arm64.whl", hash = "sha256:c75e8a5f810ce80a0cfad6e74ee94f9fde9b40c81312949bf356b7304ef20740"},
    {file = "numba-0.56.4-cp39-cp39-manylinux2014_aarch64.manylinux_2_17_aarch64.whl", hash = "sha256:a12ef323c0f2101529d455cfde7f4135eaa147bad17afe10b48634f796d96abd"},
    {file = "numba-0.56.4-cp39-cp39-manylinux2014_i686.manylinux_2_17_i686.whl", hash = "sha256:03634579d10a6129181129de293dd6b5eaabee86881369d24d63f8fe352dd6cb"},
    {file = "numba-0.56.4-cp39-cp39-manylinux2014_x86_64.manylinux_2_17_x86_64.whl", hash = "sha256:0240f9026b015e336069329839208ebd70ec34ae5bfbf402e4fcc8e06197528e"},
    {file = "numba-0.56.4-cp39-cp39-win32.whl", hash = "sha256:14dbbabf6ffcd96ee2ac827389afa59a70ffa9f089576500434c34abf9b054a4"},
    {file = "numba-0.56.4-cp39-cp39-win_amd64.whl", hash = "sha256:0da583c532cd72feefd8e551435747e0e0fbb3c0530357e6845fcc11e38d6aea"},
    {file = "numba-0.56.4.tar.gz", hash = "sha256:32d9fef412c81483d7efe0ceb6cf4d3310fde8b624a9cecca00f790573ac96ee"},
]
numpy = [
    {file = "numpy-1.23.5-cp310-cp310-macosx_10_9_x86_64.whl", hash = "sha256:9c88793f78fca17da0145455f0d7826bcb9f37da4764af27ac945488116efe63"},
    {file = "numpy-1.23.5-cp310-cp310-macosx_11_0_arm64.whl", hash = "sha256:e9f4c4e51567b616be64e05d517c79a8a22f3606499941d97bb76f2ca59f982d"},
    {file = "numpy-1.23.5-cp310-cp310-manylinux_2_17_aarch64.manylinux2014_aarch64.whl", hash = "sha256:7903ba8ab592b82014713c491f6c5d3a1cde5b4a3bf116404e08f5b52f6daf43"},
    {file = "numpy-1.23.5-cp310-cp310-manylinux_2_17_x86_64.manylinux2014_x86_64.whl", hash = "sha256:5e05b1c973a9f858c74367553e236f287e749465f773328c8ef31abe18f691e1"},
    {file = "numpy-1.23.5-cp310-cp310-win32.whl", hash = "sha256:522e26bbf6377e4d76403826ed689c295b0b238f46c28a7251ab94716da0b280"},
    {file = "numpy-1.23.5-cp310-cp310-win_amd64.whl", hash = "sha256:dbee87b469018961d1ad79b1a5d50c0ae850000b639bcb1b694e9981083243b6"},
    {file = "numpy-1.23.5-cp311-cp311-macosx_10_9_x86_64.whl", hash = "sha256:ce571367b6dfe60af04e04a1834ca2dc5f46004ac1cc756fb95319f64c095a96"},
    {file = "numpy-1.23.5-cp311-cp311-macosx_11_0_arm64.whl", hash = "sha256:56e454c7833e94ec9769fa0f86e6ff8e42ee38ce0ce1fa4cbb747ea7e06d56aa"},
    {file = "numpy-1.23.5-cp311-cp311-manylinux_2_17_aarch64.manylinux2014_aarch64.whl", hash = "sha256:5039f55555e1eab31124a5768898c9e22c25a65c1e0037f4d7c495a45778c9f2"},
    {file = "numpy-1.23.5-cp311-cp311-manylinux_2_17_x86_64.manylinux2014_x86_64.whl", hash = "sha256:58f545efd1108e647604a1b5aa809591ccd2540f468a880bedb97247e72db387"},
    {file = "numpy-1.23.5-cp311-cp311-win32.whl", hash = "sha256:b2a9ab7c279c91974f756c84c365a669a887efa287365a8e2c418f8b3ba73fb0"},
    {file = "numpy-1.23.5-cp311-cp311-win_amd64.whl", hash = "sha256:0cbe9848fad08baf71de1a39e12d1b6310f1d5b2d0ea4de051058e6e1076852d"},
    {file = "numpy-1.23.5-cp38-cp38-macosx_10_9_x86_64.whl", hash = "sha256:f063b69b090c9d918f9df0a12116029e274daf0181df392839661c4c7ec9018a"},
    {file = "numpy-1.23.5-cp38-cp38-macosx_11_0_arm64.whl", hash = "sha256:0aaee12d8883552fadfc41e96b4c82ee7d794949e2a7c3b3a7201e968c7ecab9"},
    {file = "numpy-1.23.5-cp38-cp38-manylinux_2_17_aarch64.manylinux2014_aarch64.whl", hash = "sha256:92c8c1e89a1f5028a4c6d9e3ccbe311b6ba53694811269b992c0b224269e2398"},
    {file = "numpy-1.23.5-cp38-cp38-manylinux_2_17_x86_64.manylinux2014_x86_64.whl", hash = "sha256:d208a0f8729f3fb790ed18a003f3a57895b989b40ea4dce4717e9cf4af62c6bb"},
    {file = "numpy-1.23.5-cp38-cp38-win32.whl", hash = "sha256:06005a2ef6014e9956c09ba07654f9837d9e26696a0470e42beedadb78c11b07"},
    {file = "numpy-1.23.5-cp38-cp38-win_amd64.whl", hash = "sha256:ca51fcfcc5f9354c45f400059e88bc09215fb71a48d3768fb80e357f3b457e1e"},
    {file = "numpy-1.23.5-cp39-cp39-macosx_10_9_x86_64.whl", hash = "sha256:8969bfd28e85c81f3f94eb4a66bc2cf1dbdc5c18efc320af34bffc54d6b1e38f"},
    {file = "numpy-1.23.5-cp39-cp39-macosx_11_0_arm64.whl", hash = "sha256:a7ac231a08bb37f852849bbb387a20a57574a97cfc7b6cabb488a4fc8be176de"},
    {file = "numpy-1.23.5-cp39-cp39-manylinux_2_17_aarch64.manylinux2014_aarch64.whl", hash = "sha256:bf837dc63ba5c06dc8797c398db1e223a466c7ece27a1f7b5232ba3466aafe3d"},
    {file = "numpy-1.23.5-cp39-cp39-manylinux_2_17_x86_64.manylinux2014_x86_64.whl", hash = "sha256:33161613d2269025873025b33e879825ec7b1d831317e68f4f2f0f84ed14c719"},
    {file = "numpy-1.23.5-cp39-cp39-win32.whl", hash = "sha256:af1da88f6bc3d2338ebbf0e22fe487821ea4d8e89053e25fa59d1d79786e7481"},
    {file = "numpy-1.23.5-cp39-cp39-win_amd64.whl", hash = "sha256:09b7847f7e83ca37c6e627682f145856de331049013853f344f37b0c9690e3df"},
    {file = "numpy-1.23.5-pp38-pypy38_pp73-macosx_10_9_x86_64.whl", hash = "sha256:abdde9f795cf292fb9651ed48185503a2ff29be87770c3b8e2a14b0cd7aa16f8"},
    {file = "numpy-1.23.5-pp38-pypy38_pp73-manylinux_2_17_x86_64.manylinux2014_x86_64.whl", hash = "sha256:f9a909a8bae284d46bbfdefbdd4a262ba19d3bc9921b1e76126b1d21c3c34135"},
    {file = "numpy-1.23.5-pp38-pypy38_pp73-win_amd64.whl", hash = "sha256:01dd17cbb340bf0fc23981e52e1d18a9d4050792e8fb8363cecbf066a84b827d"},
    {file = "numpy-1.23.5.tar.gz", hash = "sha256:1b1766d6f397c18153d40015ddfc79ddb715cabadc04d2d228d4e5a8bc4ded1a"},
]
packaging = [
    {file = "packaging-23.0-py3-none-any.whl", hash = "sha256:714ac14496c3e68c99c29b00845f7a2b85f3bb6f1078fd9f72fd20f0570002b2"},
    {file = "packaging-23.0.tar.gz", hash = "sha256:b6ad297f8907de0fa2fe1ccbd26fdaf387f5f47c7275fedf8cce89f99446cf97"},
]
pandas = [
    {file = "pandas-1.5.3-cp310-cp310-macosx_10_9_universal2.whl", hash = "sha256:3749077d86e3a2f0ed51367f30bf5b82e131cc0f14260c4d3e499186fccc4406"},
    {file = "pandas-1.5.3-cp310-cp310-macosx_10_9_x86_64.whl", hash = "sha256:972d8a45395f2a2d26733eb8d0f629b2f90bebe8e8eddbb8829b180c09639572"},
    {file = "pandas-1.5.3-cp310-cp310-macosx_11_0_arm64.whl", hash = "sha256:50869a35cbb0f2e0cd5ec04b191e7b12ed688874bd05dd777c19b28cbea90996"},
    {file = "pandas-1.5.3-cp310-cp310-manylinux_2_17_aarch64.manylinux2014_aarch64.whl", hash = "sha256:c3ac844a0fe00bfaeb2c9b51ab1424e5c8744f89860b138434a363b1f620f354"},
    {file = "pandas-1.5.3-cp310-cp310-manylinux_2_17_x86_64.manylinux2014_x86_64.whl", hash = "sha256:7a0a56cef15fd1586726dace5616db75ebcfec9179a3a55e78f72c5639fa2a23"},
    {file = "pandas-1.5.3-cp310-cp310-win_amd64.whl", hash = "sha256:478ff646ca42b20376e4ed3fa2e8d7341e8a63105586efe54fa2508ee087f328"},
    {file = "pandas-1.5.3-cp311-cp311-macosx_10_9_universal2.whl", hash = "sha256:6973549c01ca91ec96199e940495219c887ea815b2083722821f1d7abfa2b4dc"},
    {file = "pandas-1.5.3-cp311-cp311-macosx_10_9_x86_64.whl", hash = "sha256:c39a8da13cede5adcd3be1182883aea1c925476f4e84b2807a46e2775306305d"},
    {file = "pandas-1.5.3-cp311-cp311-macosx_11_0_arm64.whl", hash = "sha256:f76d097d12c82a535fda9dfe5e8dd4127952b45fea9b0276cb30cca5ea313fbc"},
    {file = "pandas-1.5.3-cp311-cp311-manylinux_2_17_aarch64.manylinux2014_aarch64.whl", hash = "sha256:e474390e60ed609cec869b0da796ad94f420bb057d86784191eefc62b65819ae"},
    {file = "pandas-1.5.3-cp311-cp311-manylinux_2_17_x86_64.manylinux2014_x86_64.whl", hash = "sha256:5f2b952406a1588ad4cad5b3f55f520e82e902388a6d5a4a91baa8d38d23c7f6"},
    {file = "pandas-1.5.3-cp311-cp311-win_amd64.whl", hash = "sha256:bc4c368f42b551bf72fac35c5128963a171b40dce866fb066540eeaf46faa003"},
    {file = "pandas-1.5.3-cp38-cp38-macosx_10_9_universal2.whl", hash = "sha256:14e45300521902689a81f3f41386dc86f19b8ba8dd5ac5a3c7010ef8d2932813"},
    {file = "pandas-1.5.3-cp38-cp38-macosx_10_9_x86_64.whl", hash = "sha256:9842b6f4b8479e41968eced654487258ed81df7d1c9b7b870ceea24ed9459b31"},
    {file = "pandas-1.5.3-cp38-cp38-macosx_11_0_arm64.whl", hash = "sha256:26d9c71772c7afb9d5046e6e9cf42d83dd147b5cf5bcb9d97252077118543792"},
    {file = "pandas-1.5.3-cp38-cp38-manylinux_2_17_aarch64.manylinux2014_aarch64.whl", hash = "sha256:5fbcb19d6fceb9e946b3e23258757c7b225ba450990d9ed63ccceeb8cae609f7"},
    {file = "pandas-1.5.3-cp38-cp38-manylinux_2_17_x86_64.manylinux2014_x86_64.whl", hash = "sha256:565fa34a5434d38e9d250af3c12ff931abaf88050551d9fbcdfafca50d62babf"},
    {file = "pandas-1.5.3-cp38-cp38-win32.whl", hash = "sha256:87bd9c03da1ac870a6d2c8902a0e1fd4267ca00f13bc494c9e5a9020920e1d51"},
    {file = "pandas-1.5.3-cp38-cp38-win_amd64.whl", hash = "sha256:41179ce559943d83a9b4bbacb736b04c928b095b5f25dd2b7389eda08f46f373"},
    {file = "pandas-1.5.3-cp39-cp39-macosx_10_9_universal2.whl", hash = "sha256:c74a62747864ed568f5a82a49a23a8d7fe171d0c69038b38cedf0976831296fa"},
    {file = "pandas-1.5.3-cp39-cp39-macosx_10_9_x86_64.whl", hash = "sha256:c4c00e0b0597c8e4f59e8d461f797e5d70b4d025880516a8261b2817c47759ee"},
    {file = "pandas-1.5.3-cp39-cp39-macosx_11_0_arm64.whl", hash = "sha256:a50d9a4336a9621cab7b8eb3fb11adb82de58f9b91d84c2cd526576b881a0c5a"},
    {file = "pandas-1.5.3-cp39-cp39-manylinux_2_17_aarch64.manylinux2014_aarch64.whl", hash = "sha256:dd05f7783b3274aa206a1af06f0ceed3f9b412cf665b7247eacd83be41cf7bf0"},
    {file = "pandas-1.5.3-cp39-cp39-manylinux_2_17_x86_64.manylinux2014_x86_64.whl", hash = "sha256:9f69c4029613de47816b1bb30ff5ac778686688751a5e9c99ad8c7031f6508e5"},
    {file = "pandas-1.5.3-cp39-cp39-win32.whl", hash = "sha256:7cec0bee9f294e5de5bbfc14d0573f65526071029d036b753ee6507d2a21480a"},
    {file = "pandas-1.5.3-cp39-cp39-win_amd64.whl", hash = "sha256:dfd681c5dc216037e0b0a2c821f5ed99ba9f03ebcf119c7dac0e9a7b960b9ec9"},
    {file = "pandas-1.5.3.tar.gz", hash = "sha256:74a3fd7e5a7ec052f183273dc7b0acd3a863edf7520f5d3a1765c04ffdb3b0b1"},
]
pluggy = [
    {file = "pluggy-1.0.0-py2.py3-none-any.whl", hash = "sha256:74134bbf457f031a36d68416e1509f34bd5ccc019f0bcc952c7b909d06b37bd3"},
    {file = "pluggy-1.0.0.tar.gz", hash = "sha256:4224373bacce55f955a878bf9cfa763c1e360858e330072059e10bad68531159"},
]
pyhdfe = [
    {file = "pyhdfe-0.1.2-py3-none-any.whl", hash = "sha256:569709e31320d899776bd00e3c9b2594baf602f30361e232ab034851855a20fe"},
    {file = "pyhdfe-0.1.2.tar.gz", hash = "sha256:a906e5d0922a65503333028e944d993ce15f4ee44e2b3ace2f79049623888432"},
]
pytest = [
    {file = "pytest-7.2.2-py3-none-any.whl", hash = "sha256:130328f552dcfac0b1cec75c12e3f005619dc5f874f0a06e8ff7263f0ee6225e"},
    {file = "pytest-7.2.2.tar.gz", hash = "sha256:c99ab0c73aceb050f68929bc93af19ab6db0558791c6a0715723abe9d0ade9d4"},
]
python-dateutil = [
    {file = "python-dateutil-2.8.2.tar.gz", hash = "sha256:0123cacc1627ae19ddf3c27a5de5bd67ee4586fbdd6440d9748f8abb483d3e86"},
    {file = "python_dateutil-2.8.2-py2.py3-none-any.whl", hash = "sha256:961d03dc3453ebbc59dbdea9e4e11c5651520a876d0f4db161e8674aae935da9"},
]
pytz = [
    {file = "pytz-2022.7.1-py2.py3-none-any.whl", hash = "sha256:78f4f37d8198e0627c5f1143240bb0206b8691d8d7ac6d78fee88b78733f8c4a"},
    {file = "pytz-2022.7.1.tar.gz", hash = "sha256:01a0681c4b9684a28304615eba55d1ab31ae00bf68ec157ec3708a8182dbbcd0"},
]
scipy = [
    {file = "scipy-1.10.1-cp310-cp310-macosx_10_9_x86_64.whl", hash = "sha256:e7354fd7527a4b0377ce55f286805b34e8c54b91be865bac273f527e1b839019"},
    {file = "scipy-1.10.1-cp310-cp310-macosx_12_0_arm64.whl", hash = "sha256:4b3f429188c66603a1a5c549fb414e4d3bdc2a24792e061ffbd607d3d75fd84e"},
    {file = "scipy-1.10.1-cp310-cp310-manylinux_2_17_aarch64.manylinux2014_aarch64.whl", hash = "sha256:1553b5dcddd64ba9a0d95355e63fe6c3fc303a8fd77c7bc91e77d61363f7433f"},
    {file = "scipy-1.10.1-cp310-cp310-manylinux_2_17_x86_64.manylinux2014_x86_64.whl", hash = "sha256:4c0ff64b06b10e35215abce517252b375e580a6125fd5fdf6421b98efbefb2d2"},
    {file = "scipy-1.10.1-cp310-cp310-win_amd64.whl", hash = "sha256:fae8a7b898c42dffe3f7361c40d5952b6bf32d10c4569098d276b4c547905ee1"},
    {file = "scipy-1.10.1-cp311-cp311-macosx_10_9_x86_64.whl", hash = "sha256:0f1564ea217e82c1bbe75ddf7285ba0709ecd503f048cb1236ae9995f64217bd"},
    {file = "scipy-1.10.1-cp311-cp311-macosx_12_0_arm64.whl", hash = "sha256:d925fa1c81b772882aa55bcc10bf88324dadb66ff85d548c71515f6689c6dac5"},
    {file = "scipy-1.10.1-cp311-cp311-manylinux_2_17_aarch64.manylinux2014_aarch64.whl", hash = "sha256:aaea0a6be54462ec027de54fca511540980d1e9eea68b2d5c1dbfe084797be35"},
    {file = "scipy-1.10.1-cp311-cp311-manylinux_2_17_x86_64.manylinux2014_x86_64.whl", hash = "sha256:15a35c4242ec5f292c3dd364a7c71a61be87a3d4ddcc693372813c0b73c9af1d"},
    {file = "scipy-1.10.1-cp311-cp311-win_amd64.whl", hash = "sha256:43b8e0bcb877faf0abfb613d51026cd5cc78918e9530e375727bf0625c82788f"},
    {file = "scipy-1.10.1-cp38-cp38-macosx_10_9_x86_64.whl", hash = "sha256:5678f88c68ea866ed9ebe3a989091088553ba12c6090244fdae3e467b1139c35"},
    {file = "scipy-1.10.1-cp38-cp38-macosx_12_0_arm64.whl", hash = "sha256:39becb03541f9e58243f4197584286e339029e8908c46f7221abeea4b749fa88"},
    {file = "scipy-1.10.1-cp38-cp38-manylinux_2_17_aarch64.manylinux2014_aarch64.whl", hash = "sha256:bce5869c8d68cf383ce240e44c1d9ae7c06078a9396df68ce88a1230f93a30c1"},
    {file = "scipy-1.10.1-cp38-cp38-manylinux_2_17_x86_64.manylinux2014_x86_64.whl", hash = "sha256:07c3457ce0b3ad5124f98a86533106b643dd811dd61b548e78cf4c8786652f6f"},
    {file = "scipy-1.10.1-cp38-cp38-win_amd64.whl", hash = "sha256:049a8bbf0ad95277ffba9b3b7d23e5369cc39e66406d60422c8cfef40ccc8415"},
    {file = "scipy-1.10.1-cp39-cp39-macosx_10_9_x86_64.whl", hash = "sha256:cd9f1027ff30d90618914a64ca9b1a77a431159df0e2a195d8a9e8a04c78abf9"},
    {file = "scipy-1.10.1-cp39-cp39-macosx_12_0_arm64.whl", hash = "sha256:79c8e5a6c6ffaf3a2262ef1be1e108a035cf4f05c14df56057b64acc5bebffb6"},
    {file = "scipy-1.10.1-cp39-cp39-manylinux_2_17_aarch64.manylinux2014_aarch64.whl", hash = "sha256:51af417a000d2dbe1ec6c372dfe688e041a7084da4fdd350aeb139bd3fb55353"},
    {file = "scipy-1.10.1-cp39-cp39-manylinux_2_17_x86_64.manylinux2014_x86_64.whl", hash = "sha256:1b4735d6c28aad3cdcf52117e0e91d6b39acd4272f3f5cd9907c24ee931ad601"},
    {file = "scipy-1.10.1-cp39-cp39-win_amd64.whl", hash = "sha256:7ff7f37b1bf4417baca958d254e8e2875d0cc23aaadbe65b3d5b3077b0eb23ea"},
    {file = "scipy-1.10.1.tar.gz", hash = "sha256:2cf9dfb80a7b4589ba4c40ce7588986d6d5cebc5457cad2c2880f6bc2d42f3a5"},
]
setuptools = [
    {file = "setuptools-67.6.0-py3-none-any.whl", hash = "sha256:b78aaa36f6b90a074c1fa651168723acbf45d14cb1196b6f02c0fd07f17623b2"},
    {file = "setuptools-67.6.0.tar.gz", hash = "sha256:2ee892cd5f29f3373097f5a814697e397cf3ce313616df0af11231e2ad118077"},
]
six = [
    {file = "six-1.16.0-py2.py3-none-any.whl", hash = "sha256:8abb2f1d86890a2dfb989f9a77cfcfd3e47c2a354b01111771326f8aa26e0254"},
    {file = "six-1.16.0.tar.gz", hash = "sha256:1e61c37477a1626458e36f7b1d82aa5c9b094fa4802892072e49de9c60c4c926"},
]
tomli = [
    {file = "tomli-2.0.1-py3-none-any.whl", hash = "sha256:939de3e7a6161af0c887ef91b7d41a53e7c5a1ca976325f429cb46ea9bc30ecc"},
    {file = "tomli-2.0.1.tar.gz", hash = "sha256:de526c12914f0c550d15924c62d72abc48d6fe7364aa87328337a31007fe8a4f"},
]
typing-extensions = [
    {file = "typing_extensions-4.5.0-py3-none-any.whl", hash = "sha256:fb33085c39dd998ac16d1431ebc293a8b3eedd00fd4a32de0ff79002c19511b4"},
    {file = "typing_extensions-4.5.0.tar.gz", hash = "sha256:5cb5f4a79139d699607b3ef622a1dedafa84e115ab0024e0d9c044a9479ca7cb"},
]
wrapt = [
    {file = "wrapt-1.15.0-cp27-cp27m-macosx_10_9_x86_64.whl", hash = "sha256:ca1cccf838cd28d5a0883b342474c630ac48cac5df0ee6eacc9c7290f76b11c1"},
    {file = "wrapt-1.15.0-cp27-cp27m-manylinux1_i686.whl", hash = "sha256:e826aadda3cae59295b95343db8f3d965fb31059da7de01ee8d1c40a60398b29"},
    {file = "wrapt-1.15.0-cp27-cp27m-manylinux1_x86_64.whl", hash = "sha256:5fc8e02f5984a55d2c653f5fea93531e9836abbd84342c1d1e17abc4a15084c2"},
    {file = "wrapt-1.15.0-cp27-cp27m-manylinux2010_i686.whl", hash = "sha256:96e25c8603a155559231c19c0349245eeb4ac0096fe3c1d0be5c47e075bd4f46"},
    {file = "wrapt-1.15.0-cp27-cp27m-manylinux2010_x86_64.whl", hash = "sha256:40737a081d7497efea35ab9304b829b857f21558acfc7b3272f908d33b0d9d4c"},
    {file = "wrapt-1.15.0-cp27-cp27mu-manylinux1_i686.whl", hash = "sha256:f87ec75864c37c4c6cb908d282e1969e79763e0d9becdfe9fe5473b7bb1e5f09"},
    {file = "wrapt-1.15.0-cp27-cp27mu-manylinux1_x86_64.whl", hash = "sha256:1286eb30261894e4c70d124d44b7fd07825340869945c79d05bda53a40caa079"},
    {file = "wrapt-1.15.0-cp27-cp27mu-manylinux2010_i686.whl", hash = "sha256:493d389a2b63c88ad56cdc35d0fa5752daac56ca755805b1b0c530f785767d5e"},
    {file = "wrapt-1.15.0-cp27-cp27mu-manylinux2010_x86_64.whl", hash = "sha256:58d7a75d731e8c63614222bcb21dd992b4ab01a399f1f09dd82af17bbfc2368a"},
    {file = "wrapt-1.15.0-cp310-cp310-macosx_10_9_x86_64.whl", hash = "sha256:21f6d9a0d5b3a207cdf7acf8e58d7d13d463e639f0c7e01d82cdb671e6cb7923"},
    {file = "wrapt-1.15.0-cp310-cp310-macosx_11_0_arm64.whl", hash = "sha256:ce42618f67741d4697684e501ef02f29e758a123aa2d669e2d964ff734ee00ee"},
    {file = "wrapt-1.15.0-cp310-cp310-manylinux_2_17_aarch64.manylinux2014_aarch64.whl", hash = "sha256:41d07d029dd4157ae27beab04d22b8e261eddfc6ecd64ff7000b10dc8b3a5727"},
    {file = "wrapt-1.15.0-cp310-cp310-manylinux_2_5_i686.manylinux1_i686.manylinux_2_17_i686.manylinux2014_i686.whl", hash = "sha256:54accd4b8bc202966bafafd16e69da9d5640ff92389d33d28555c5fd4f25ccb7"},
    {file = "wrapt-1.15.0-cp310-cp310-manylinux_2_5_x86_64.manylinux1_x86_64.manylinux_2_17_x86_64.manylinux2014_x86_64.whl", hash = "sha256:2fbfbca668dd15b744418265a9607baa970c347eefd0db6a518aaf0cfbd153c0"},
    {file = "wrapt-1.15.0-cp310-cp310-musllinux_1_1_aarch64.whl", hash = "sha256:76e9c727a874b4856d11a32fb0b389afc61ce8aaf281ada613713ddeadd1cfec"},
    {file = "wrapt-1.15.0-cp310-cp310-musllinux_1_1_i686.whl", hash = "sha256:e20076a211cd6f9b44a6be58f7eeafa7ab5720eb796975d0c03f05b47d89eb90"},
    {file = "wrapt-1.15.0-cp310-cp310-musllinux_1_1_x86_64.whl", hash = "sha256:a74d56552ddbde46c246b5b89199cb3fd182f9c346c784e1a93e4dc3f5ec9975"},
    {file = "wrapt-1.15.0-cp310-cp310-win32.whl", hash = "sha256:26458da5653aa5b3d8dc8b24192f574a58984c749401f98fff994d41d3f08da1"},
    {file = "wrapt-1.15.0-cp310-cp310-win_amd64.whl", hash = "sha256:75760a47c06b5974aa5e01949bf7e66d2af4d08cb8c1d6516af5e39595397f5e"},
    {file = "wrapt-1.15.0-cp311-cp311-macosx_10_9_x86_64.whl", hash = "sha256:ba1711cda2d30634a7e452fc79eabcadaffedf241ff206db2ee93dd2c89a60e7"},
    {file = "wrapt-1.15.0-cp311-cp311-macosx_11_0_arm64.whl", hash = "sha256:56374914b132c702aa9aa9959c550004b8847148f95e1b824772d453ac204a72"},
    {file = "wrapt-1.15.0-cp311-cp311-manylinux_2_17_aarch64.manylinux2014_aarch64.whl", hash = "sha256:a89ce3fd220ff144bd9d54da333ec0de0399b52c9ac3d2ce34b569cf1a5748fb"},
    {file = "wrapt-1.15.0-cp311-cp311-manylinux_2_5_i686.manylinux1_i686.manylinux_2_17_i686.manylinux2014_i686.whl", hash = "sha256:3bbe623731d03b186b3d6b0d6f51865bf598587c38d6f7b0be2e27414f7f214e"},
    {file = "wrapt-1.15.0-cp311-cp311-manylinux_2_5_x86_64.manylinux1_x86_64.manylinux_2_17_x86_64.manylinux2014_x86_64.whl", hash = "sha256:3abbe948c3cbde2689370a262a8d04e32ec2dd4f27103669a45c6929bcdbfe7c"},
    {file = "wrapt-1.15.0-cp311-cp311-musllinux_1_1_aarch64.whl", hash = "sha256:b67b819628e3b748fd3c2192c15fb951f549d0f47c0449af0764d7647302fda3"},
    {file = "wrapt-1.15.0-cp311-cp311-musllinux_1_1_i686.whl", hash = "sha256:7eebcdbe3677e58dd4c0e03b4f2cfa346ed4049687d839adad68cc38bb559c92"},
    {file = "wrapt-1.15.0-cp311-cp311-musllinux_1_1_x86_64.whl", hash = "sha256:74934ebd71950e3db69960a7da29204f89624dde411afbfb3b4858c1409b1e98"},
    {file = "wrapt-1.15.0-cp311-cp311-win32.whl", hash = "sha256:bd84395aab8e4d36263cd1b9308cd504f6cf713b7d6d3ce25ea55670baec5416"},
    {file = "wrapt-1.15.0-cp311-cp311-win_amd64.whl", hash = "sha256:a487f72a25904e2b4bbc0817ce7a8de94363bd7e79890510174da9d901c38705"},
    {file = "wrapt-1.15.0-cp35-cp35m-manylinux1_i686.whl", hash = "sha256:4ff0d20f2e670800d3ed2b220d40984162089a6e2c9646fdb09b85e6f9a8fc29"},
    {file = "wrapt-1.15.0-cp35-cp35m-manylinux1_x86_64.whl", hash = "sha256:9ed6aa0726b9b60911f4aed8ec5b8dd7bf3491476015819f56473ffaef8959bd"},
    {file = "wrapt-1.15.0-cp35-cp35m-manylinux2010_i686.whl", hash = "sha256:896689fddba4f23ef7c718279e42f8834041a21342d95e56922e1c10c0cc7afb"},
    {file = "wrapt-1.15.0-cp35-cp35m-manylinux2010_x86_64.whl", hash = "sha256:75669d77bb2c071333417617a235324a1618dba66f82a750362eccbe5b61d248"},
    {file = "wrapt-1.15.0-cp35-cp35m-win32.whl", hash = "sha256:fbec11614dba0424ca72f4e8ba3c420dba07b4a7c206c8c8e4e73f2e98f4c559"},
    {file = "wrapt-1.15.0-cp35-cp35m-win_amd64.whl", hash = "sha256:fd69666217b62fa5d7c6aa88e507493a34dec4fa20c5bd925e4bc12fce586639"},
    {file = "wrapt-1.15.0-cp36-cp36m-macosx_10_9_x86_64.whl", hash = "sha256:b0724f05c396b0a4c36a3226c31648385deb6a65d8992644c12a4963c70326ba"},
    {file = "wrapt-1.15.0-cp36-cp36m-manylinux_2_17_aarch64.manylinux2014_aarch64.whl", hash = "sha256:bbeccb1aa40ab88cd29e6c7d8585582c99548f55f9b2581dfc5ba68c59a85752"},
    {file = "wrapt-1.15.0-cp36-cp36m-manylinux_2_5_i686.manylinux1_i686.manylinux_2_17_i686.manylinux2014_i686.whl", hash = "sha256:38adf7198f8f154502883242f9fe7333ab05a5b02de7d83aa2d88ea621f13364"},
    {file = "wrapt-1.15.0-cp36-cp36m-manylinux_2_5_x86_64.manylinux1_x86_64.manylinux_2_17_x86_64.manylinux2014_x86_64.whl", hash = "sha256:578383d740457fa790fdf85e6d346fda1416a40549fe8db08e5e9bd281c6a475"},
    {file = "wrapt-1.15.0-cp36-cp36m-musllinux_1_1_aarch64.whl", hash = "sha256:a4cbb9ff5795cd66f0066bdf5947f170f5d63a9274f99bdbca02fd973adcf2a8"},
    {file = "wrapt-1.15.0-cp36-cp36m-musllinux_1_1_i686.whl", hash = "sha256:af5bd9ccb188f6a5fdda9f1f09d9f4c86cc8a539bd48a0bfdc97723970348418"},
    {file = "wrapt-1.15.0-cp36-cp36m-musllinux_1_1_x86_64.whl", hash = "sha256:b56d5519e470d3f2fe4aa7585f0632b060d532d0696c5bdfb5e8319e1d0f69a2"},
    {file = "wrapt-1.15.0-cp36-cp36m-win32.whl", hash = "sha256:77d4c1b881076c3ba173484dfa53d3582c1c8ff1f914c6461ab70c8428b796c1"},
    {file = "wrapt-1.15.0-cp36-cp36m-win_amd64.whl", hash = "sha256:077ff0d1f9d9e4ce6476c1a924a3332452c1406e59d90a2cf24aeb29eeac9420"},
    {file = "wrapt-1.15.0-cp37-cp37m-macosx_10_9_x86_64.whl", hash = "sha256:5c5aa28df055697d7c37d2099a7bc09f559d5053c3349b1ad0c39000e611d317"},
    {file = "wrapt-1.15.0-cp37-cp37m-manylinux_2_17_aarch64.manylinux2014_aarch64.whl", hash = "sha256:3a8564f283394634a7a7054b7983e47dbf39c07712d7b177b37e03f2467a024e"},
    {file = "wrapt-1.15.0-cp37-cp37m-manylinux_2_5_i686.manylinux1_i686.manylinux_2_17_i686.manylinux2014_i686.whl", hash = "sha256:780c82a41dc493b62fc5884fb1d3a3b81106642c5c5c78d6a0d4cbe96d62ba7e"},
    {file = "wrapt-1.15.0-cp37-cp37m-manylinux_2_5_x86_64.manylinux1_x86_64.manylinux_2_17_x86_64.manylinux2014_x86_64.whl", hash = "sha256:e169e957c33576f47e21864cf3fc9ff47c223a4ebca8960079b8bd36cb014fd0"},
    {file = "wrapt-1.15.0-cp37-cp37m-musllinux_1_1_aarch64.whl", hash = "sha256:b02f21c1e2074943312d03d243ac4388319f2456576b2c6023041c4d57cd7019"},
    {file = "wrapt-1.15.0-cp37-cp37m-musllinux_1_1_i686.whl", hash = "sha256:f2e69b3ed24544b0d3dbe2c5c0ba5153ce50dcebb576fdc4696d52aa22db6034"},
    {file = "wrapt-1.15.0-cp37-cp37m-musllinux_1_1_x86_64.whl", hash = "sha256:d787272ed958a05b2c86311d3a4135d3c2aeea4fc655705f074130aa57d71653"},
    {file = "wrapt-1.15.0-cp37-cp37m-win32.whl", hash = "sha256:02fce1852f755f44f95af51f69d22e45080102e9d00258053b79367d07af39c0"},
    {file = "wrapt-1.15.0-cp37-cp37m-win_amd64.whl", hash = "sha256:abd52a09d03adf9c763d706df707c343293d5d106aea53483e0ec8d9e310ad5e"},
    {file = "wrapt-1.15.0-cp38-cp38-macosx_10_9_x86_64.whl", hash = "sha256:cdb4f085756c96a3af04e6eca7f08b1345e94b53af8921b25c72f096e704e145"},
    {file = "wrapt-1.15.0-cp38-cp38-macosx_11_0_arm64.whl", hash = "sha256:230ae493696a371f1dbffaad3dafbb742a4d27a0afd2b1aecebe52b740167e7f"},
    {file = "wrapt-1.15.0-cp38-cp38-manylinux_2_17_aarch64.manylinux2014_aarch64.whl", hash = "sha256:63424c681923b9f3bfbc5e3205aafe790904053d42ddcc08542181a30a7a51bd"},
    {file = "wrapt-1.15.0-cp38-cp38-manylinux_2_5_i686.manylinux1_i686.manylinux_2_17_i686.manylinux2014_i686.whl", hash = "sha256:d6bcbfc99f55655c3d93feb7ef3800bd5bbe963a755687cbf1f490a71fb7794b"},
    {file = "wrapt-1.15.0-cp38-cp38-manylinux_2_5_x86_64.manylinux1_x86_64.manylinux_2_17_x86_64.manylinux2014_x86_64.whl", hash = "sha256:c99f4309f5145b93eca6e35ac1a988f0dc0a7ccf9ccdcd78d3c0adf57224e62f"},
    {file = "wrapt-1.15.0-cp38-cp38-musllinux_1_1_aarch64.whl", hash = "sha256:b130fe77361d6771ecf5a219d8e0817d61b236b7d8b37cc045172e574ed219e6"},
    {file = "wrapt-1.15.0-cp38-cp38-musllinux_1_1_i686.whl", hash = "sha256:96177eb5645b1c6985f5c11d03fc2dbda9ad24ec0f3a46dcce91445747e15094"},
    {file = "wrapt-1.15.0-cp38-cp38-musllinux_1_1_x86_64.whl", hash = "sha256:d5fe3e099cf07d0fb5a1e23d399e5d4d1ca3e6dfcbe5c8570ccff3e9208274f7"},
    {file = "wrapt-1.15.0-cp38-cp38-win32.whl", hash = "sha256:abd8f36c99512755b8456047b7be10372fca271bf1467a1caa88db991e7c421b"},
    {file = "wrapt-1.15.0-cp38-cp38-win_amd64.whl", hash = "sha256:b06fa97478a5f478fb05e1980980a7cdf2712015493b44d0c87606c1513ed5b1"},
    {file = "wrapt-1.15.0-cp39-cp39-macosx_10_9_x86_64.whl", hash = "sha256:2e51de54d4fb8fb50d6ee8327f9828306a959ae394d3e01a1ba8b2f937747d86"},
    {file = "wrapt-1.15.0-cp39-cp39-macosx_11_0_arm64.whl", hash = "sha256:0970ddb69bba00670e58955f8019bec4a42d1785db3faa043c33d81de2bf843c"},
    {file = "wrapt-1.15.0-cp39-cp39-manylinux_2_17_aarch64.manylinux2014_aarch64.whl", hash = "sha256:76407ab327158c510f44ded207e2f76b657303e17cb7a572ffe2f5a8a48aa04d"},
    {file = "wrapt-1.15.0-cp39-cp39-manylinux_2_5_i686.manylinux1_i686.manylinux_2_17_i686.manylinux2014_i686.whl", hash = "sha256:cd525e0e52a5ff16653a3fc9e3dd827981917d34996600bbc34c05d048ca35cc"},
    {file = "wrapt-1.15.0-cp39-cp39-manylinux_2_5_x86_64.manylinux1_x86_64.manylinux_2_17_x86_64.manylinux2014_x86_64.whl", hash = "sha256:9d37ac69edc5614b90516807de32d08cb8e7b12260a285ee330955604ed9dd29"},
    {file = "wrapt-1.15.0-cp39-cp39-musllinux_1_1_aarch64.whl", hash = "sha256:078e2a1a86544e644a68422f881c48b84fef6d18f8c7a957ffd3f2e0a74a0d4a"},
    {file = "wrapt-1.15.0-cp39-cp39-musllinux_1_1_i686.whl", hash = "sha256:2cf56d0e237280baed46f0b5316661da892565ff58309d4d2ed7dba763d984b8"},
    {file = "wrapt-1.15.0-cp39-cp39-musllinux_1_1_x86_64.whl", hash = "sha256:7dc0713bf81287a00516ef43137273b23ee414fe41a3c14be10dd95ed98a2df9"},
    {file = "wrapt-1.15.0-cp39-cp39-win32.whl", hash = "sha256:46ed616d5fb42f98630ed70c3529541408166c22cdfd4540b88d5f21006b0eff"},
    {file = "wrapt-1.15.0-cp39-cp39-win_amd64.whl", hash = "sha256:eef4d64c650f33347c1f9266fa5ae001440b232ad9b98f1f43dfe7a79435c0a6"},
    {file = "wrapt-1.15.0-py3-none-any.whl", hash = "sha256:64b1df0f83706b4ef4cfb4fb0e4c2669100fd7ecacfb59e091fad300d4e04640"},
    {file = "wrapt-1.15.0.tar.gz", hash = "sha256:d06730c6aed78cee4126234cf2d071e01b44b915e725a6cb439a879ec9754a3a"},
]
zipp = [
    {file = "zipp-3.15.0-py3-none-any.whl", hash = "sha256:48904fc76a60e542af151aded95726c1a5c34ed43ab4134b597665c86d7ad556"},
    {file = "zipp-3.15.0.tar.gz", hash = "sha256:112929ad649da941c23de50f356a2b5570c954b65150642bccdd66bf194d224b"},
]
